
Microsoft Visual Studio Solution File, Format Version 12.00
# Visual Studio Version 16
VisualStudioVersion = 16.0.32106.194
MinimumVisualStudioVersion = 10.0.40219.1
Project("{9A19103F-16F7-4668-BE54-9A1E7A4F7556}") = "dotnet-core-aws-serverless-s3", "dotnet-core-aws-serverless-s3\dotnet-core-aws-serverless-s3.csproj", "{2D28E90C-CFDE-45D2-AAD4-D268E44BBF88}"
EndProject
Project("{9A19103F-16F7-4668-BE54-9A1E7A4F7556}") = "dotnet-core-aws-serverless-s3.tests", "dotnet-core-aws-serverless-s3.tests\dotnet-core-aws-serverless-s3.tests.csproj", "{76DA0A78-9D0D-45C6-B766-E3BA8FC3D3D5}"
EndProject
Global
	GlobalSection(SolutionConfigurationPlatforms) = preSolution
		Debug|Any CPU = Debug|Any CPU
		Release|Any CPU = Release|Any CPU
	EndGlobalSection
	GlobalSection(ProjectConfigurationPlatforms) = postSolution
		{2D28E90C-CFDE-45D2-AAD4-D268E44BBF88}.Debug|Any CPU.ActiveCfg = Debug|Any CPU
		{2D28E90C-CFDE-45D2-AAD4-D268E44BBF88}.Debug|Any CPU.Build.0 = Debug|Any CPU
		{2D28E90C-CFDE-45D2-AAD4-D268E44BBF88}.Release|Any CPU.ActiveCfg = Release|Any CPU
		{2D28E90C-CFDE-45D2-AAD4-D268E44BBF88}.Release|Any CPU.Build.0 = Release|Any CPU
		{76DA0A78-9D0D-45C6-B766-E3BA8FC3D3D5}.Debug|Any CPU.ActiveCfg = Debug|Any CPU
		{76DA0A78-9D0D-45C6-B766-E3BA8FC3D3D5}.Debug|Any CPU.Build.0 = Debug|Any CPU
		{76DA0A78-9D0D-45C6-B766-E3BA8FC3D3D5}.Release|Any CPU.ActiveCfg = Release|Any CPU
		{76DA0A78-9D0D-45C6-B766-E3BA8FC3D3D5}.Release|Any CPU.Build.0 = Release|Any CPU
	EndGlobalSection
	GlobalSection(SolutionProperties) = preSolution
		HideSolutionNode = FALSE
	EndGlobalSection
	GlobalSection(ExtensibilityGlobals) = postSolution
		SolutionGuid = {2968BA5C-CAB7-487C-8A55-AFC4319E69C9}
	EndGlobalSection
EndGlobal
